
Microsoft Visual Studio Solution File, Format Version 12.00
# Visual Studio Version 17
VisualStudioVersion = 17.6.33815.320
MinimumVisualStudioVersion = 10.0.40219.1
Project("{FAE04EC0-301F-11D3-BF4B-00C04F79EFBC}") = "SampleWebAPI", "SampleWebAPI.csproj", "{2E048866-BAED-4990-A488-7BDFD0C80CC6}"
EndProject
Global
	GlobalSection(SolutionConfigurationPlatforms) = preSolution
		Debug|Any CPU = Debug|Any CPU
		Release|Any CPU = Release|Any CPU
	EndGlobalSection
	GlobalSection(ProjectConfigurationPlatforms) = postSolution
		{2E048866-BAED-4990-A488-7BDFD0C80CC6}.Debug|Any CPU.ActiveCfg = Debug|Any CPU
		{2E048866-BAED-4990-A488-7BDFD0C80CC6}.Debug|Any CPU.Build.0 = Debug|Any CPU
		{2E048866-BAED-4990-A488-7BDFD0C80CC6}.Release|Any CPU.ActiveCfg = Release|Any CPU
		{2E048866-BAED-4990-A488-7BDFD0C80CC6}.Release|Any CPU.Build.0 = Release|Any CPU
	EndGlobalSection
	GlobalSection(SolutionProperties) = preSolution
		HideSolutionNode = FALSE
	EndGlobalSection
	GlobalSection(ExtensibilityGlobals) = postSolution
		SolutionGuid = {59447817-8E9D-49AF-A9F5-7A90429A08B6}
	EndGlobalSection
EndGlobal
